// !$*UTF8*$!
{
	archiveVersion = 1;
	classes = {
	};
	objectVersion = 56;
	objects = {

/* Begin PBXBuildFile section */
		16DC983EB9F782B370686278 /* Pods_ToDoList.framework in Frameworks */ = {isa = PBXBuildFile; fileRef = 0D25048BDDD872889C7CDE8A /* Pods_ToDoList.framework */; };
		BF23EB4C2924FAF100AB47F6 /* AppDelegate.swift in Sources */ = {isa = PBXBuildFile; fileRef = BF23EB4B2924FAF100AB47F6 /* AppDelegate.swift */; };
		BF23EB4E2924FAF100AB47F6 /* SceneDelegate.swift in Sources */ = {isa = PBXBuildFile; fileRef = BF23EB4D2924FAF100AB47F6 /* SceneDelegate.swift */; };
		BF23EB532924FAF100AB47F6 /* Main.storyboard in Resources */ = {isa = PBXBuildFile; fileRef = BF23EB512924FAF100AB47F6 /* Main.storyboard */; };
		BF23EB562924FAF100AB47F6 /* ToDoList.xcdatamodeld in Sources */ = {isa = PBXBuildFile; fileRef = BF23EB542924FAF100AB47F6 /* ToDoList.xcdatamodeld */; };
		BF23EB582924FAF200AB47F6 /* Assets.xcassets in Resources */ = {isa = PBXBuildFile; fileRef = BF23EB572924FAF200AB47F6 /* Assets.xcassets */; };
		BF23EB5B2924FAF200AB47F6 /* LaunchScreen.storyboard in Resources */ = {isa = PBXBuildFile; fileRef = BF23EB592924FAF200AB47F6 /* LaunchScreen.storyboard */; };
		BF23EB632924FBAF00AB47F6 /* ToDoListTableViewController.swift in Sources */ = {isa = PBXBuildFile; fileRef = BF23EB622924FBAF00AB47F6 /* ToDoListTableViewController.swift */; };
		BFDD8E882928F1760049977D /* SearchBar+ToDoListVC.swift in Sources */ = {isa = PBXBuildFile; fileRef = BFDD8E872928F1760049977D /* SearchBar+ToDoListVC.swift */; };
		BFDD8E8A2928F3090049977D /* TableView+ToDoListVC.swift in Sources */ = {isa = PBXBuildFile; fileRef = BFDD8E892928F3090049977D /* TableView+ToDoListVC.swift */; };
		BFE844E0292A2F87006B3021 /* CategoryTableViewController.swift in Sources */ = {isa = PBXBuildFile; fileRef = BFE844DF292A2F87006B3021 /* CategoryTableViewController.swift */; };
		BFE844E2292A2FB3006B3021 /* TableView+CategoryTableVC.swift in Sources */ = {isa = PBXBuildFile; fileRef = BFE844E1292A2FB3006B3021 /* TableView+CategoryTableVC.swift */; };
		BFE844E4292A5713006B3021 /* Data.swift in Sources */ = {isa = PBXBuildFile; fileRef = BFE844E3292A5713006B3021 /* Data.swift */; };
/* End PBXBuildFile section */

/* Begin PBXFileReference section */
		0D25048BDDD872889C7CDE8A /* Pods_ToDoList.framework */ = {isa = PBXFileReference; explicitFileType = wrapper.framework; includeInIndex = 0; path = Pods_ToDoList.framework; sourceTree = BUILT_PRODUCTS_DIR; };
		B0C06639D7A29EE093984B0C /* Pods-ToDoList.debug.xcconfig */ = {isa = PBXFileReference; includeInIndex = 1; lastKnownFileType = text.xcconfig; name = "Pods-ToDoList.debug.xcconfig"; path = "Target Support Files/Pods-ToDoList/Pods-ToDoList.debug.xcconfig"; sourceTree = "<group>"; };
		BF23EB482924FAF100AB47F6 /* ToDoList.app */ = {isa = PBXFileReference; explicitFileType = wrapper.application; includeInIndex = 0; path = ToDoList.app; sourceTree = BUILT_PRODUCTS_DIR; };
		BF23EB4B2924FAF100AB47F6 /* AppDelegate.swift */ = {isa = PBXFileReference; lastKnownFileType = sourcecode.swift; path = AppDelegate.swift; sourceTree = "<group>"; };
		BF23EB4D2924FAF100AB47F6 /* SceneDelegate.swift */ = {isa = PBXFileReference; lastKnownFileType = sourcecode.swift; path = SceneDelegate.swift; sourceTree = "<group>"; };
		BF23EB522924FAF100AB47F6 /* Base */ = {isa = PBXFileReference; lastKnownFileType = file.storyboard; name = Base; path = Base.lproj/Main.storyboard; sourceTree = "<group>"; };
		BF23EB552924FAF100AB47F6 /* ToDoList.xcdatamodel */ = {isa = PBXFileReference; lastKnownFileType = wrapper.xcdatamodel; path = ToDoList.xcdatamodel; sourceTree = "<group>"; };
		BF23EB572924FAF200AB47F6 /* Assets.xcassets */ = {isa = PBXFileReference; lastKnownFileType = folder.assetcatalog; path = Assets.xcassets; sourceTree = "<group>"; };
		BF23EB5A2924FAF200AB47F6 /* Base */ = {isa = PBXFileReference; lastKnownFileType = file.storyboard; name = Base; path = Base.lproj/LaunchScreen.storyboard; sourceTree = "<group>"; };
		BF23EB5C2924FAF200AB47F6 /* Info.plist */ = {isa = PBXFileReference; lastKnownFileType = text.plist.xml; path = Info.plist; sourceTree = "<group>"; };
		BF23EB622924FBAF00AB47F6 /* ToDoListTableViewController.swift */ = {isa = PBXFileReference; lastKnownFileType = sourcecode.swift; path = ToDoListTableViewController.swift; sourceTree = "<group>"; };
		BFDD8E872928F1760049977D /* SearchBar+ToDoListVC.swift */ = {isa = PBXFileReference; lastKnownFileType = sourcecode.swift; path = "SearchBar+ToDoListVC.swift"; sourceTree = "<group>"; };
		BFDD8E892928F3090049977D /* TableView+ToDoListVC.swift */ = {isa = PBXFileReference; lastKnownFileType = sourcecode.swift; path = "TableView+ToDoListVC.swift"; sourceTree = "<group>"; };
		BFE844DF292A2F87006B3021 /* CategoryTableViewController.swift */ = {isa = PBXFileReference; lastKnownFileType = sourcecode.swift; path = CategoryTableViewController.swift; sourceTree = "<group>"; };
		BFE844E1292A2FB3006B3021 /* TableView+CategoryTableVC.swift */ = {isa = PBXFileReference; lastKnownFileType = sourcecode.swift; path = "TableView+CategoryTableVC.swift"; sourceTree = "<group>"; };
		BFE844E3292A5713006B3021 /* Data.swift */ = {isa = PBXFileReference; lastKnownFileType = sourcecode.swift; path = Data.swift; sourceTree = "<group>"; };
		D1E63E27441D98D8992BCDFA /* Pods-ToDoList.release.xcconfig */ = {isa = PBXFileReference; includeInIndex = 1; lastKnownFileType = text.xcconfig; name = "Pods-ToDoList.release.xcconfig"; path = "Target Support Files/Pods-ToDoList/Pods-ToDoList.release.xcconfig"; sourceTree = "<group>"; };
/* End PBXFileReference section */

/* Begin PBXFrameworksBuildPhase section */
		BF23EB452924FAF100AB47F6 /* Frameworks */ = {
			isa = PBXFrameworksBuildPhase;
			buildActionMask = 2147483647;
			files = (
				16DC983EB9F782B370686278 /* Pods_ToDoList.framework in Frameworks */,
			);
			runOnlyForDeploymentPostprocessing = 0;
		};
/* End PBXFrameworksBuildPhase section */

/* Begin PBXGroup section */
		2DF132FB77E7DC31776826E2 /* Frameworks */ = {
			isa = PBXGroup;
			children = (
				0D25048BDDD872889C7CDE8A /* Pods_ToDoList.framework */,
			);
			name = Frameworks;
			sourceTree = "<group>";
		};
		8DB9989D510DC5085C559E7F /* Pods */ = {
			isa = PBXGroup;
			children = (
				B0C06639D7A29EE093984B0C /* Pods-ToDoList.debug.xcconfig */,
				D1E63E27441D98D8992BCDFA /* Pods-ToDoList.release.xcconfig */,
			);
			path = Pods;
			sourceTree = "<group>";
		};
		BF23EB3F2924FAF100AB47F6 = {
			isa = PBXGroup;
			children = (
				BF23EB4A2924FAF100AB47F6 /* ToDoList */,
				BF23EB492924FAF100AB47F6 /* Products */,
				8DB9989D510DC5085C559E7F /* Pods */,
				2DF132FB77E7DC31776826E2 /* Frameworks */,
			);
			sourceTree = "<group>";
		};
		BF23EB492924FAF100AB47F6 /* Products */ = {
			isa = PBXGroup;
			children = (
				BF23EB482924FAF100AB47F6 /* ToDoList.app */,
			);
			name = Products;
			sourceTree = "<group>";
		};
		BF23EB4A2924FAF100AB47F6 /* ToDoList */ = {
			isa = PBXGroup;
			children = (
				BF23EB4B2924FAF100AB47F6 /* AppDelegate.swift */,
				BF23EB4D2924FAF100AB47F6 /* SceneDelegate.swift */,
				BFA90EC82926419F008A4F9F /* Models */,
				BF23EB652924FBC200AB47F6 /* Views */,
				BF23EB642924FBB800AB47F6 /* Controllers */,
				BFA90ECB29264261008A4F9F /* Supporting files */,
				BF23EB5C2924FAF200AB47F6 /* Info.plist */,
			);
			path = ToDoList;
			sourceTree = "<group>";
		};
		BF23EB642924FBB800AB47F6 /* Controllers */ = {
			isa = PBXGroup;
			children = (
				BFE844DE292A2EDB006B3021 /* Category */,
				BFE844DD292A2ECC006B3021 /* Items */,
			);
			path = Controllers;
			sourceTree = "<group>";
		};
		BF23EB652924FBC200AB47F6 /* Views */ = {
			isa = PBXGroup;
			children = (
				BF23EB512924FAF100AB47F6 /* Main.storyboard */,
			);
			path = Views;
			sourceTree = "<group>";
		};
		BFA90EC82926419F008A4F9F /* Models */ = {
			isa = PBXGroup;
			children = (
				BF23EB542924FAF100AB47F6 /* ToDoList.xcdatamodeld */,
				BFE844E3292A5713006B3021 /* Data.swift */,
			);
			path = Models;
			sourceTree = "<group>";
		};
		BFA90ECB29264261008A4F9F /* Supporting files */ = {
			isa = PBXGroup;
			children = (
				BF23EB572924FAF200AB47F6 /* Assets.xcassets */,
				BF23EB592924FAF200AB47F6 /* LaunchScreen.storyboard */,
			);
			path = "Supporting files";
			sourceTree = "<group>";
		};
		BFE844DD292A2ECC006B3021 /* Items */ = {
			isa = PBXGroup;
			children = (
				BF23EB622924FBAF00AB47F6 /* ToDoListTableViewController.swift */,
				BFDD8E892928F3090049977D /* TableView+ToDoListVC.swift */,
				BFDD8E872928F1760049977D /* SearchBar+ToDoListVC.swift */,
			);
			path = Items;
			sourceTree = "<group>";
		};
		BFE844DE292A2EDB006B3021 /* Category */ = {
			isa = PBXGroup;
			children = (
				BFE844DF292A2F87006B3021 /* CategoryTableViewController.swift */,
				BFE844E1292A2FB3006B3021 /* TableView+CategoryTableVC.swift */,
			);
			path = Category;
			sourceTree = "<group>";
		};
/* End PBXGroup section */

/* Begin PBXNativeTarget section */
		BF23EB472924FAF100AB47F6 /* ToDoList */ = {
			isa = PBXNativeTarget;
			buildConfigurationList = BF23EB5F2924FAF200AB47F6 /* Build configuration list for PBXNativeTarget "ToDoList" */;
			buildPhases = (
				36E5E6AC559E3B2DE895FA12 /* [CP] Check Pods Manifest.lock */,
				BF23EB442924FAF100AB47F6 /* Sources */,
				BF23EB452924FAF100AB47F6 /* Frameworks */,
				BF23EB462924FAF100AB47F6 /* Resources */,
				2BE6F09B1820164CBAE3E493 /* [CP] Embed Pods Frameworks */,
			);
			buildRules = (
			);
			dependencies = (
			);
			name = ToDoList;
			productName = ToDoList;
			productReference = BF23EB482924FAF100AB47F6 /* ToDoList.app */;
			productType = "com.apple.product-type.application";
		};
/* End PBXNativeTarget section */

/* Begin PBXProject section */
		BF23EB402924FAF100AB47F6 /* Project object */ = {
			isa = PBXProject;
			attributes = {
				BuildIndependentTargetsInParallel = 1;
				LastSwiftUpdateCheck = 1410;
				LastUpgradeCheck = 1410;
				TargetAttributes = {
					BF23EB472924FAF100AB47F6 = {
						CreatedOnToolsVersion = 14.1;
					};
				};
			};
			buildConfigurationList = BF23EB432924FAF100AB47F6 /* Build configuration list for PBXProject "ToDoList" */;
			compatibilityVersion = "Xcode 14.0";
			developmentRegion = en;
			hasScannedForEncodings = 0;
			knownRegions = (
				en,
				Base,
			);
			mainGroup = BF23EB3F2924FAF100AB47F6;
			productRefGroup = BF23EB492924FAF100AB47F6 /* Products */;
			projectDirPath = "";
			projectRoot = "";
			targets = (
				BF23EB472924FAF100AB47F6 /* ToDoList */,
			);
		};
/* End PBXProject section */

/* Begin PBXResourcesBuildPhase section */
		BF23EB462924FAF100AB47F6 /* Resources */ = {
			isa = PBXResourcesBuildPhase;
			buildActionMask = 2147483647;
			files = (
				BF23EB5B2924FAF200AB47F6 /* LaunchScreen.storyboard in Resources */,
				BF23EB582924FAF200AB47F6 /* Assets.xcassets in Resources */,
				BF23EB532924FAF100AB47F6 /* Main.storyboard in Resources */,
			);
			runOnlyForDeploymentPostprocessing = 0;
		};
/* End PBXResourcesBuildPhase section */

/* Begin PBXShellScriptBuildPhase section */
		2BE6F09B1820164CBAE3E493 /* [CP] Embed Pods Frameworks */ = {
			isa = PBXShellScriptBuildPhase;
			buildActionMask = 2147483647;
			files = (
			);
			inputFileListPaths = (
				"${PODS_ROOT}/Target Support Files/Pods-ToDoList/Pods-ToDoList-frameworks-${CONFIGURATION}-input-files.xcfilelist",
			);
			name = "[CP] Embed Pods Frameworks";
			outputFileListPaths = (
				"${PODS_ROOT}/Target Support Files/Pods-ToDoList/Pods-ToDoList-frameworks-${CONFIGURATION}-output-files.xcfilelist",
			);
			runOnlyForDeploymentPostprocessing = 0;
			shellPath = /bin/sh;
			shellScript = "\"${PODS_ROOT}/Target Support Files/Pods-ToDoList/Pods-ToDoList-frameworks.sh\"\n";
			showEnvVarsInLog = 0;
		};
		36E5E6AC559E3B2DE895FA12 /* [CP] Check Pods Manifest.lock */ = {
			isa = PBXShellScriptBuildPhase;
			buildActionMask = 2147483647;
			files = (
			);
			inputFileListPaths = (
			);
			inputPaths = (
				"${PODS_PODFILE_DIR_PATH}/Podfile.lock",
				"${PODS_ROOT}/Manifest.lock",
			);
			name = "[CP] Check Pods Manifest.lock";
			outputFileListPaths = (
			);
			outputPaths = (
				"$(DERIVED_FILE_DIR)/Pods-ToDoList-checkManifestLockResult.txt",
			);
			runOnlyForDeploymentPostprocessing = 0;
			shellPath = /bin/sh;
			shellScript = "diff \"${PODS_PODFILE_DIR_PATH}/Podfile.lock\" \"${PODS_ROOT}/Manifest.lock\" > /dev/null\nif [ $? != 0 ] ; then\n    # print error to STDERR\n    echo \"error: The sandbox is not in sync with the Podfile.lock. Run 'pod install' or update your CocoaPods installation.\" >&2\n    exit 1\nfi\n# This output is used by Xcode 'outputs' to avoid re-running this script phase.\necho \"SUCCESS\" > \"${SCRIPT_OUTPUT_FILE_0}\"\n";
			showEnvVarsInLog = 0;
		};
/* End PBXShellScriptBuildPhase section */

/* Begin PBXSourcesBuildPhase section */
		BF23EB442924FAF100AB47F6 /* Sources */ = {
			isa = PBXSourcesBuildPhase;
			buildActionMask = 2147483647;
			files = (
				BFE844E0292A2F87006B3021 /* CategoryTableViewController.swift in Sources */,
				BF23EB4C2924FAF100AB47F6 /* AppDelegate.swift in Sources */,
				BF23EB4E2924FAF100AB47F6 /* SceneDelegate.swift in Sources */,
				BFDD8E8A2928F3090049977D /* TableView+ToDoListVC.swift in Sources */,
				BF23EB562924FAF100AB47F6 /* ToDoList.xcdatamodeld in Sources */,
				BFDD8E882928F1760049977D /* SearchBar+ToDoListVC.swift in Sources */,
				BF23EB632924FBAF00AB47F6 /* ToDoListTableViewController.swift in Sources */,
				BFE844E4292A5713006B3021 /* Data.swift in Sources */,
				BFE844E2292A2FB3006B3021 /* TableView+CategoryTableVC.swift in Sources */,
			);
			runOnlyForDeploymentPostprocessing = 0;
		};
/* End PBXSourcesBuildPhase section */

/* Begin PBXVariantGroup section */
		BF23EB512924FAF100AB47F6 /* Main.storyboard */ = {
			isa = PBXVariantGroup;
			children = (
				BF23EB522924FAF100AB47F6 /* Base */,
			);
			name = Main.storyboard;
			sourceTree = "<group>";
		};
		BF23EB592924FAF200AB47F6 /* LaunchScreen.storyboard */ = {
			isa = PBXVariantGroup;
			children = (
				BF23EB5A2924FAF200AB47F6 /* Base */,
			);
			name = LaunchScreen.storyboard;
			sourceTree = "<group>";
		};
/* End PBXVariantGroup section */

/* Begin XCBuildConfiguration section */
		BF23EB5D2924FAF200AB47F6 /* Debug */ = {
			isa = XCBuildConfiguration;
			buildSettings = {
				ALWAYS_SEARCH_USER_PATHS = NO;
				CLANG_ANALYZER_NONNULL = YES;
				CLANG_ANALYZER_NUMBER_OBJECT_CONVERSION = YES_AGGRESSIVE;
				CLANG_CXX_LANGUAGE_STANDARD = "gnu++20";
				CLANG_ENABLE_MODULES = YES;
				CLANG_ENABLE_OBJC_ARC = YES;
				CLANG_ENABLE_OBJC_WEAK = YES;
				CLANG_WARN_BLOCK_CAPTURE_AUTORELEASING = YES;
				CLANG_WARN_BOOL_CONVERSION = YES;
				CLANG_WARN_COMMA = YES;
				CLANG_WARN_CONSTANT_CONVERSION = YES;
				CLANG_WARN_DEPRECATED_OBJC_IMPLEMENTATIONS = YES;
				CLANG_WARN_DIRECT_OBJC_ISA_USAGE = YES_ERROR;
				CLANG_WARN_DOCUMENTATION_COMMENTS = YES;
				CLANG_WARN_EMPTY_BODY = YES;
				CLANG_WARN_ENUM_CONVERSION = YES;
				CLANG_WARN_INFINITE_RECURSION = YES;
				CLANG_WARN_INT_CONVERSION = YES;
				CLANG_WARN_NON_LITERAL_NULL_CONVERSION = YES;
				CLANG_WARN_OBJC_IMPLICIT_RETAIN_SELF = YES;
				CLANG_WARN_OBJC_LITERAL_CONVERSION = YES;
				CLANG_WARN_OBJC_ROOT_CLASS = YES_ERROR;
				CLANG_WARN_QUOTED_INCLUDE_IN_FRAMEWORK_HEADER = YES;
				CLANG_WARN_RANGE_LOOP_ANALYSIS = YES;
				CLANG_WARN_STRICT_PROTOTYPES = YES;
				CLANG_WARN_SUSPICIOUS_MOVE = YES;
				CLANG_WARN_UNGUARDED_AVAILABILITY = YES_AGGRESSIVE;
				CLANG_WARN_UNREACHABLE_CODE = YES;
				CLANG_WARN__DUPLICATE_METHOD_MATCH = YES;
				COPY_PHASE_STRIP = NO;
				DEBUG_INFORMATION_FORMAT = dwarf;
				ENABLE_STRICT_OBJC_MSGSEND = YES;
				ENABLE_TESTABILITY = YES;
				GCC_C_LANGUAGE_STANDARD = gnu11;
				GCC_DYNAMIC_NO_PIC = NO;
				GCC_NO_COMMON_BLOCKS = YES;
				GCC_OPTIMIZATION_LEVEL = 0;
				GCC_PREPROCESSOR_DEFINITIONS = (
					"DEBUG=1",
					"$(inherited)",
				);
				GCC_WARN_64_TO_32_BIT_CONVERSION = YES;
				GCC_WARN_ABOUT_RETURN_TYPE = YES_ERROR;
				GCC_WARN_UNDECLARED_SELECTOR = YES;
				GCC_WARN_UNINITIALIZED_AUTOS = YES_AGGRESSIVE;
				GCC_WARN_UNUSED_FUNCTION = YES;
				GCC_WARN_UNUSED_VARIABLE = YES;
				IPHONEOS_DEPLOYMENT_TARGET = 16.1;
				MTL_ENABLE_DEBUG_INFO = INCLUDE_SOURCE;
				MTL_FAST_MATH = YES;
				ONLY_ACTIVE_ARCH = YES;
				SDKROOT = iphoneos;
				SWIFT_ACTIVE_COMPILATION_CONDITIONS = DEBUG;
				SWIFT_OPTIMIZATION_LEVEL = "-Onone";
			};
			name = Debug;
		};
		BF23EB5E2924FAF200AB47F6 /* Release */ = {
			isa = XCBuildConfiguration;
			buildSettings = {
				ALWAYS_SEARCH_USER_PATHS = NO;
				CLANG_ANALYZER_NONNULL = YES;
				CLANG_ANALYZER_NUMBER_OBJECT_CONVERSION = YES_AGGRESSIVE;
				CLANG_CXX_LANGUAGE_STANDARD = "gnu++20";
				CLANG_ENABLE_MODULES = YES;
				CLANG_ENABLE_OBJC_ARC = YES;
				CLANG_ENABLE_OBJC_WEAK = YES;
				CLANG_WARN_BLOCK_CAPTURE_AUTORELEASING = YES;
				CLANG_WARN_BOOL_CONVERSION = YES;
				CLANG_WARN_COMMA = YES;
				CLANG_WARN_CONSTANT_CONVERSION = YES;
				CLANG_WARN_DEPRECATED_OBJC_IMPLEMENTATIONS = YES;
				CLANG_WARN_DIRECT_OBJC_ISA_USAGE = YES_ERROR;
				CLANG_WARN_DOCUMENTATION_COMMENTS = YES;
				CLANG_WARN_EMPTY_BODY = YES;
				CLANG_WARN_ENUM_CONVERSION = YES;
				CLANG_WARN_INFINITE_RECURSION = YES;
				CLANG_WARN_INT_CONVERSION = YES;
				CLANG_WARN_NON_LITERAL_NULL_CONVERSION = YES;
				CLANG_WARN_OBJC_IMPLICIT_RETAIN_SELF = YES;
				CLANG_WARN_OBJC_LITERAL_CONVERSION = YES;
				CLANG_WARN_OBJC_ROOT_CLASS = YES_ERROR;
				CLANG_WARN_QUOTED_INCLUDE_IN_FRAMEWORK_HEADER = YES;
				CLANG_WARN_RANGE_LOOP_ANALYSIS = YES;
				CLANG_WARN_STRICT_PROTOTYPES = YES;
				CLANG_WARN_SUSPICIOUS_MOVE = YES;
				CLANG_WARN_UNGUARDED_AVAILABILITY = YES_AGGRESSIVE;
				CLANG_WARN_UNREACHABLE_CODE = YES;
				CLANG_WARN__DUPLICATE_METHOD_MATCH = YES;
				COPY_PHASE_STRIP = NO;
				DEBUG_INFORMATION_FORMAT = "dwarf-with-dsym";
				ENABLE_NS_ASSERTIONS = NO;
				ENABLE_STRICT_OBJC_MSGSEND = YES;
				GCC_C_LANGUAGE_STANDARD = gnu11;
				GCC_NO_COMMON_BLOCKS = YES;
				GCC_WARN_64_TO_32_BIT_CONVERSION = YES;
				GCC_WARN_ABOUT_RETURN_TYPE = YES_ERROR;
				GCC_WARN_UNDECLARED_SELECTOR = YES;
				GCC_WARN_UNINITIALIZED_AUTOS = YES_AGGRESSIVE;
				GCC_WARN_UNUSED_FUNCTION = YES;
				GCC_WARN_UNUSED_VARIABLE = YES;
				IPHONEOS_DEPLOYMENT_TARGET = 16.1;
				MTL_ENABLE_DEBUG_INFO = NO;
				MTL_FAST_MATH = YES;
				SDKROOT = iphoneos;
				SWIFT_COMPILATION_MODE = wholemodule;
				SWIFT_OPTIMIZATION_LEVEL = "-O";
				VALIDATE_PRODUCT = YES;
			};
			name = Release;
		};
		BF23EB602924FAF200AB47F6 /* Debug */ = {
			isa = XCBuildConfiguration;
			baseConfigurationReference = B0C06639D7A29EE093984B0C /* Pods-ToDoList.debug.xcconfig */;
			buildSettings = {
				ASSETCATALOG_COMPILER_APPICON_NAME = AppIcon;
				ASSETCATALOG_COMPILER_GLOBAL_ACCENT_COLOR_NAME = AccentColor;
				CODE_SIGN_STYLE = Automatic;
				CURRENT_PROJECT_VERSION = 1;
				DEVELOPMENT_TEAM = Z4DAU59V98;
				GENERATE_INFOPLIST_FILE = YES;
				INFOPLIST_FILE = ToDoList/Info.plist;
				INFOPLIST_KEY_UIApplicationSupportsIndirectInputEvents = YES;
				INFOPLIST_KEY_UILaunchStoryboardName = LaunchScreen;
				INFOPLIST_KEY_UIMainStoryboardFile = Main;
				INFOPLIST_KEY_UISupportedInterfaceOrientations_iPad = "UIInterfaceOrientationPortrait UIInterfaceOrientationPortraitUpsideDown UIInterfaceOrientationLandscapeLeft UIInterfaceOrientationLandscapeRight";
				INFOPLIST_KEY_UISupportedInterfaceOrientations_iPhone = "UIInterfaceOrientationPortrait UIInterfaceOrientationLandscapeLeft UIInterfaceOrientationLandscapeRight";
				LD_RUNPATH_SEARCH_PATHS = (
					"$(inherited)",
					"@executable_path/Frameworks",
				);
				MARKETING_VERSION = 1.0;
				PRODUCT_BUNDLE_IDENTIFIER = ua.advanc3d;
				PRODUCT_NAME = "$(TARGET_NAME)";
				SWIFT_EMIT_LOC_STRINGS = YES;
				SWIFT_VERSION = 5.0;
				TARGETED_DEVICE_FAMILY = "1,2";
			};
			name = Debug;
		};
		BF23EB612924FAF200AB47F6 /* Release */ = {
			isa = XCBuildConfiguration;
			baseConfigurationReference = D1E63E27441D98D8992BCDFA /* Pods-ToDoList.release.xcconfig */;
			buildSettings = {
				ASSETCATALOG_COMPILER_APPICON_NAME = AppIcon;
				ASSETCATALOG_COMPILER_GLOBAL_ACCENT_COLOR_NAME = AccentColor;
				CODE_SIGN_STYLE = Automatic;
				CURRENT_PROJECT_VERSION = 1;
				DEVELOPMENT_TEAM = Z4DAU59V98;
				GENERATE_INFOPLIST_FILE = YES;
				INFOPLIST_FILE = ToDoList/Info.plist;
				INFOPLIST_KEY_UIApplicationSupportsIndirectInputEvents = YES;
				INFOPLIST_KEY_UILaunchStoryboardName = LaunchScreen;
				INFOPLIST_KEY_UIMainStoryboardFile = Main;
				INFOPLIST_KEY_UISupportedInterfaceOrientations_iPad = "UIInterfaceOrientationPortrait UIInterfaceOrientationPortraitUpsideDown UIInterfaceOrientationLandscapeLeft UIInterfaceOrientationLandscapeRight";
				INFOPLIST_KEY_UISupportedInterfaceOrientations_iPhone = "UIInterfaceOrientationPortrait UIInterfaceOrientationLandscapeLeft UIInterfaceOrientationLandscapeRight";
				LD_RUNPATH_SEARCH_PATHS = (
					"$(inherited)",
					"@executable_path/Frameworks",
				);
				MARKETING_VERSION = 1.0;
				PRODUCT_BUNDLE_IDENTIFIER = ua.advanc3d;
				PRODUCT_NAME = "$(TARGET_NAME)";
				SWIFT_EMIT_LOC_STRINGS = YES;
				SWIFT_VERSION = 5.0;
				TARGETED_DEVICE_FAMILY = "1,2";
			};
			name = Release;
		};
/* End XCBuildConfiguration section */

/* Begin XCConfigurationList section */
		BF23EB432924FAF100AB47F6 /* Build configuration list for PBXProject "ToDoList" */ = {
			isa = XCConfigurationList;
			buildConfigurations = (
				BF23EB5D2924FAF200AB47F6 /* Debug */,
				BF23EB5E2924FAF200AB47F6 /* Release */,
			);
			defaultConfigurationIsVisible = 0;
			defaultConfigurationName = Release;
		};
		BF23EB5F2924FAF200AB47F6 /* Build configuration list for PBXNativeTarget "ToDoList" */ = {
			isa = XCConfigurationList;
			buildConfigurations = (
				BF23EB602924FAF200AB47F6 /* Debug */,
				BF23EB612924FAF200AB47F6 /* Release */,
			);
			defaultConfigurationIsVisible = 0;
			defaultConfigurationName = Release;
		};
/* End XCConfigurationList section */

/* Begin XCVersionGroup section */
		BF23EB542924FAF100AB47F6 /* ToDoList.xcdatamodeld */ = {
			isa = XCVersionGroup;
			children = (
				BF23EB552924FAF100AB47F6 /* ToDoList.xcdatamodel */,
			);
			currentVersion = BF23EB552924FAF100AB47F6 /* ToDoList.xcdatamodel */;
			path = ToDoList.xcdatamodeld;
			sourceTree = "<group>";
			versionGroupType = wrapper.xcdatamodel;
		};
/* End XCVersionGroup section */
	};
	rootObject = BF23EB402924FAF100AB47F6 /* Project object */;
}
